// !$*UTF8*$!
{
	archiveVersion = 1;
	classes = {
	};
	objectVersion = 50;
	objects = {

/* Begin PBXBuildFile section */
		8C1CDAB0223A19E400669C34 /* BuyViewController.swift in Sources */ = {isa = PBXBuildFile; fileRef = 8C1CDAAF223A19E400669C34 /* BuyViewController.swift */; };
		8C1CDAB2223A1ECD00669C34 /* CreateAccountViewController.swift in Sources */ = {isa = PBXBuildFile; fileRef = 8C1CDAB1223A1ECD00669C34 /* CreateAccountViewController.swift */; };
		8C2CBFF32230E13600E264BB /* AppDelegate.swift in Sources */ = {isa = PBXBuildFile; fileRef = 8C2CBFF22230E13600E264BB /* AppDelegate.swift */; };
		8C2CBFF52230E13600E264BB /* ViewController.swift in Sources */ = {isa = PBXBuildFile; fileRef = 8C2CBFF42230E13600E264BB /* ViewController.swift */; };
		8C2CBFF82230E13700E264BB /* Main.storyboard in Resources */ = {isa = PBXBuildFile; fileRef = 8C2CBFF62230E13700E264BB /* Main.storyboard */; };
		8C2CBFFA2230E13900E264BB /* Assets.xcassets in Resources */ = {isa = PBXBuildFile; fileRef = 8C2CBFF92230E13900E264BB /* Assets.xcassets */; };
		8C2CBFFD2230E13900E264BB /* LaunchScreen.storyboard in Resources */ = {isa = PBXBuildFile; fileRef = 8C2CBFFB2230E13900E264BB /* LaunchScreen.storyboard */; };
		8C2CC0052230E84A00E264BB /* Coordinator.swift in Sources */ = {isa = PBXBuildFile; fileRef = 8C2CC0042230E84A00E264BB /* Coordinator.swift */; };
		8CF75C792238C149000FA42F /* MainCoordinator.swift in Sources */ = {isa = PBXBuildFile; fileRef = 8CF75C782238C149000FA42F /* MainCoordinator.swift */; };
		8CF75C7B2238C206000FA42F /* Storyboarded.swift in Sources */ = {isa = PBXBuildFile; fileRef = 8CF75C7A2238C206000FA42F /* Storyboarded.swift */; };
/* End PBXBuildFile section */

/* Begin PBXFileReference section */
		8C1CDAAF223A19E400669C34 /* BuyViewController.swift */ = {isa = PBXFileReference; lastKnownFileType = sourcecode.swift; path = BuyViewController.swift; sourceTree = "<group>"; };
		8C1CDAB1223A1ECD00669C34 /* CreateAccountViewController.swift */ = {isa = PBXFileReference; lastKnownFileType = sourcecode.swift; path = CreateAccountViewController.swift; sourceTree = "<group>"; };
		8C2CBFEF2230E13600E264BB /* CoordinatorPattern.app */ = {isa = PBXFileReference; explicitFileType = wrapper.application; includeInIndex = 0; path = CoordinatorPattern.app; sourceTree = BUILT_PRODUCTS_DIR; };
		8C2CBFF22230E13600E264BB /* AppDelegate.swift */ = {isa = PBXFileReference; lastKnownFileType = sourcecode.swift; path = AppDelegate.swift; sourceTree = "<group>"; };
		8C2CBFF42230E13600E264BB /* ViewController.swift */ = {isa = PBXFileReference; lastKnownFileType = sourcecode.swift; path = ViewController.swift; sourceTree = "<group>"; };
		8C2CBFF72230E13700E264BB /* Base */ = {isa = PBXFileReference; lastKnownFileType = file.storyboard; name = Base; path = Base.lproj/Main.storyboard; sourceTree = "<group>"; };
		8C2CBFF92230E13900E264BB /* Assets.xcassets */ = {isa = PBXFileReference; lastKnownFileType = folder.assetcatalog; path = Assets.xcassets; sourceTree = "<group>"; };
		8C2CBFFC2230E13900E264BB /* Base */ = {isa = PBXFileReference; lastKnownFileType = file.storyboard; name = Base; path = Base.lproj/LaunchScreen.storyboard; sourceTree = "<group>"; };
		8C2CBFFE2230E13900E264BB /* Info.plist */ = {isa = PBXFileReference; lastKnownFileType = text.plist.xml; path = Info.plist; sourceTree = "<group>"; };
		8C2CC0042230E84A00E264BB /* Coordinator.swift */ = {isa = PBXFileReference; lastKnownFileType = sourcecode.swift; path = Coordinator.swift; sourceTree = "<group>"; };
		8CF75C782238C149000FA42F /* MainCoordinator.swift */ = {isa = PBXFileReference; lastKnownFileType = sourcecode.swift; path = MainCoordinator.swift; sourceTree = "<group>"; };
		8CF75C7A2238C206000FA42F /* Storyboarded.swift */ = {isa = PBXFileReference; lastKnownFileType = sourcecode.swift; path = Storyboarded.swift; sourceTree = "<group>"; };
/* End PBXFileReference section */

/* Begin PBXFrameworksBuildPhase section */
		8C2CBFEC2230E13600E264BB /* Frameworks */ = {
			isa = PBXFrameworksBuildPhase;
			buildActionMask = 2147483647;
			files = (
			);
			runOnlyForDeploymentPostprocessing = 0;
		};
/* End PBXFrameworksBuildPhase section */

/* Begin PBXGroup section */
		8C1CDAAE223A038900669C34 /* Protocols */ = {
			isa = PBXGroup;
			children = (
				8CF75C782238C149000FA42F /* MainCoordinator.swift */,
				8C2CC0042230E84A00E264BB /* Coordinator.swift */,
				8CF75C7A2238C206000FA42F /* Storyboarded.swift */,
			);
			path = Protocols;
			sourceTree = "<group>";
		};
		8C2CBFE62230E13600E264BB = {
			isa = PBXGroup;
			children = (
				8C2CBFF12230E13600E264BB /* CoordinatorPattern */,
				8C2CBFF02230E13600E264BB /* Products */,
			);
			sourceTree = "<group>";
		};
		8C2CBFF02230E13600E264BB /* Products */ = {
			isa = PBXGroup;
			children = (
				8C2CBFEF2230E13600E264BB /* CoordinatorPattern.app */,
			);
			name = Products;
			sourceTree = "<group>";
		};
		8C2CBFF12230E13600E264BB /* CoordinatorPattern */ = {
			isa = PBXGroup;
			children = (
				8C1CDAAE223A038900669C34 /* Protocols */,
				8C2CBFF22230E13600E264BB /* AppDelegate.swift */,
				8C2CBFF42230E13600E264BB /* ViewController.swift */,
				8C2CBFF62230E13700E264BB /* Main.storyboard */,
				8C2CBFF92230E13900E264BB /* Assets.xcassets */,
				8C2CBFFB2230E13900E264BB /* LaunchScreen.storyboard */,
				8C2CBFFE2230E13900E264BB /* Info.plist */,
				8C1CDAAF223A19E400669C34 /* BuyViewController.swift */,
				8C1CDAB1223A1ECD00669C34 /* CreateAccountViewController.swift */,
			);
			path = CoordinatorPattern;
			sourceTree = "<group>";
		};
/* End PBXGroup section */

/* Begin PBXNativeTarget section */
		8C2CBFEE2230E13600E264BB /* CoordinatorPattern */ = {
			isa = PBXNativeTarget;
			buildConfigurationList = 8C2CC0012230E13900E264BB /* Build configuration list for PBXNativeTarget "CoordinatorPattern" */;
			buildPhases = (
				8C2CBFEB2230E13600E264BB /* Sources */,
				8C2CBFEC2230E13600E264BB /* Frameworks */,
				8C2CBFED2230E13600E264BB /* Resources */,
				8C1CDAAD223A013200669C34 /* ShellScript */,
			);
			buildRules = (
			);
			dependencies = (
			);
			name = CoordinatorPattern;
			productName = CoordinatorPattern;
			productReference = 8C2CBFEF2230E13600E264BB /* CoordinatorPattern.app */;
			productType = "com.apple.product-type.application";
		};
/* End PBXNativeTarget section */

/* Begin PBXProject section */
		8C2CBFE72230E13600E264BB /* Project object */ = {
			isa = PBXProject;
			attributes = {
				LastSwiftUpdateCheck = 1010;
				LastUpgradeCheck = 1010;
				ORGANIZATIONNAME = ricardoIsidro;
				TargetAttributes = {
					8C2CBFEE2230E13600E264BB = {
						CreatedOnToolsVersion = 10.1;
					};
				};
			};
			buildConfigurationList = 8C2CBFEA2230E13600E264BB /* Build configuration list for PBXProject "CoordinatorPattern" */;
			compatibilityVersion = "Xcode 9.3";
			developmentRegion = en;
			hasScannedForEncodings = 0;
			knownRegions = (
				en,
				Base,
			);
			mainGroup = 8C2CBFE62230E13600E264BB;
			productRefGroup = 8C2CBFF02230E13600E264BB /* Products */;
			projectDirPath = "";
			projectRoot = "";
			targets = (
				8C2CBFEE2230E13600E264BB /* CoordinatorPattern */,
			);
		};
/* End PBXProject section */

/* Begin PBXResourcesBuildPhase section */
		8C2CBFED2230E13600E264BB /* Resources */ = {
			isa = PBXResourcesBuildPhase;
			buildActionMask = 2147483647;
			files = (
				8C2CBFFD2230E13900E264BB /* LaunchScreen.storyboard in Resources */,
				8C2CBFFA2230E13900E264BB /* Assets.xcassets in Resources */,
				8C2CBFF82230E13700E264BB /* Main.storyboard in Resources */,
			);
			runOnlyForDeploymentPostprocessing = 0;
		};
/* End PBXResourcesBuildPhase section */

/* Begin PBXShellScriptBuildPhase section */
		8C1CDAAD223A013200669C34 /* ShellScript */ = {
			isa = PBXShellScriptBuildPhase;
			buildActionMask = 2147483647;
			files = (
			);
			inputFileListPaths = (
			);
			inputPaths = (
			);
			outputFileListPaths = (
			);
			outputPaths = (
			);
			runOnlyForDeploymentPostprocessing = 0;
			shellPath = /bin/sh;
			shellScript = "if which swiftlint >/dev/null; then\nswiftlint\nelse\necho \"warning: SwiftLint not installed, download from https://github.com/realm/SwiftLint\"\nfi\n";
		};
/* End PBXShellScriptBuildPhase section */

/* Begin PBXSourcesBuildPhase section */
		8C2CBFEB2230E13600E264BB /* Sources */ = {
			isa = PBXSourcesBuildPhase;
			buildActionMask = 2147483647;
			files = (
				8C1CDAB2223A1ECD00669C34 /* CreateAccountViewController.swift in Sources */,
				8C2CBFF52230E13600E264BB /* ViewController.swift in Sources */,
				8CF75C792238C149000FA42F /* MainCoordinator.swift in Sources */,
				8CF75C7B2238C206000FA42F /* Storyboarded.swift in Sources */,
				8C2CBFF32230E13600E264BB /* AppDelegate.swift in Sources */,
				8C2CC0052230E84A00E264BB /* Coordinator.swift in Sources */,
				8C1CDAB0223A19E400669C34 /* BuyViewController.swift in Sources */,
			);
			runOnlyForDeploymentPostprocessing = 0;
		};
/* End PBXSourcesBuildPhase section */

/* Begin PBXVariantGroup section */
		8C2CBFF62230E13700E264BB /* Main.storyboard */ = {
			isa = PBXVariantGroup;
			children = (
				8C2CBFF72230E13700E264BB /* Base */,
			);
			name = Main.storyboard;
			sourceTree = "<group>";
		};
		8C2CBFFB2230E13900E264BB /* LaunchScreen.storyboard */ = {
			isa = PBXVariantGroup;
			children = (
				8C2CBFFC2230E13900E264BB /* Base */,
			);
			name = LaunchScreen.storyboard;
			sourceTree = "<group>";
		};
/* End PBXVariantGroup section */

/* Begin XCBuildConfiguration section */
		8C2CBFFF2230E13900E264BB /* Debug */ = {
			isa = XCBuildConfiguration;
			buildSettings = {
				ALWAYS_SEARCH_USER_PATHS = NO;
				CLANG_ANALYZER_NONNULL = YES;
				CLANG_ANALYZER_NUMBER_OBJECT_CONVERSION = YES_AGGRESSIVE;
				CLANG_CXX_LANGUAGE_STANDARD = "gnu++14";
				CLANG_CXX_LIBRARY = "libc++";
				CLANG_ENABLE_MODULES = YES;
				CLANG_ENABLE_OBJC_ARC = YES;
				CLANG_ENABLE_OBJC_WEAK = YES;
				CLANG_WARN_BLOCK_CAPTURE_AUTORELEASING = YES;
				CLANG_WARN_BOOL_CONVERSION = YES;
				CLANG_WARN_COMMA = YES;
				CLANG_WARN_CONSTANT_CONVERSION = YES;
				CLANG_WARN_DEPRECATED_OBJC_IMPLEMENTATIONS = YES;
				CLANG_WARN_DIRECT_OBJC_ISA_USAGE = YES_ERROR;
				CLANG_WARN_DOCUMENTATION_COMMENTS = YES;
				CLANG_WARN_EMPTY_BODY = YES;
				CLANG_WARN_ENUM_CONVERSION = YES;
				CLANG_WARN_INFINITE_RECURSION = YES;
				CLANG_WARN_INT_CONVERSION = YES;
				CLANG_WARN_NON_LITERAL_NULL_CONVERSION = YES;
				CLANG_WARN_OBJC_IMPLICIT_RETAIN_SELF = YES;
				CLANG_WARN_OBJC_LITERAL_CONVERSION = YES;
				CLANG_WARN_OBJC_ROOT_CLASS = YES_ERROR;
				CLANG_WARN_RANGE_LOOP_ANALYSIS = YES;
				CLANG_WARN_STRICT_PROTOTYPES = YES;
				CLANG_WARN_SUSPICIOUS_MOVE = YES;
				CLANG_WARN_UNGUARDED_AVAILABILITY = YES_AGGRESSIVE;
				CLANG_WARN_UNREACHABLE_CODE = YES;
				CLANG_WARN__DUPLICATE_METHOD_MATCH = YES;
				CODE_SIGN_IDENTITY = "iPhone Developer";
				COPY_PHASE_STRIP = NO;
				DEBUG_INFORMATION_FORMAT = dwarf;
				ENABLE_STRICT_OBJC_MSGSEND = YES;
				ENABLE_TESTABILITY = YES;
				GCC_C_LANGUAGE_STANDARD = gnu11;
				GCC_DYNAMIC_NO_PIC = NO;
				GCC_NO_COMMON_BLOCKS = YES;
				GCC_OPTIMIZATION_LEVEL = 0;
				GCC_PREPROCESSOR_DEFINITIONS = (
					"DEBUG=1",
					"$(inherited)",
				);
				GCC_WARN_64_TO_32_BIT_CONVERSION = YES;
				GCC_WARN_ABOUT_RETURN_TYPE = YES_ERROR;
				GCC_WARN_UNDECLARED_SELECTOR = YES;
				GCC_WARN_UNINITIALIZED_AUTOS = YES_AGGRESSIVE;
				GCC_WARN_UNUSED_FUNCTION = YES;
				GCC_WARN_UNUSED_VARIABLE = YES;
				IPHONEOS_DEPLOYMENT_TARGET = 12.1;
				MTL_ENABLE_DEBUG_INFO = INCLUDE_SOURCE;
				MTL_FAST_MATH = YES;
				ONLY_ACTIVE_ARCH = YES;
				SDKROOT = iphoneos;
				SWIFT_ACTIVE_COMPILATION_CONDITIONS = DEBUG;
				SWIFT_OPTIMIZATION_LEVEL = "-Onone";
			};
			name = Debug;
		};
		8C2CC0002230E13900E264BB /* Release */ = {
			isa = XCBuildConfiguration;
			buildSettings = {
				ALWAYS_SEARCH_USER_PATHS = NO;
				CLANG_ANALYZER_NONNULL = YES;
				CLANG_ANALYZER_NUMBER_OBJECT_CONVERSION = YES_AGGRESSIVE;
				CLANG_CXX_LANGUAGE_STANDARD = "gnu++14";
				CLANG_CXX_LIBRARY = "libc++";
				CLANG_ENABLE_MODULES = YES;
				CLANG_ENABLE_OBJC_ARC = YES;
				CLANG_ENABLE_OBJC_WEAK = YES;
				CLANG_WARN_BLOCK_CAPTURE_AUTORELEASING = YES;
				CLANG_WARN_BOOL_CONVERSION = YES;
				CLANG_WARN_COMMA = YES;
				CLANG_WARN_CONSTANT_CONVERSION = YES;
				CLANG_WARN_DEPRECATED_OBJC_IMPLEMENTATIONS = YES;
				CLANG_WARN_DIRECT_OBJC_ISA_USAGE = YES_ERROR;
				CLANG_WARN_DOCUMENTATION_COMMENTS = YES;
				CLANG_WARN_EMPTY_BODY = YES;
				CLANG_WARN_ENUM_CONVERSION = YES;
				CLANG_WARN_INFINITE_RECURSION = YES;
				CLANG_WARN_INT_CONVERSION = YES;
				CLANG_WARN_NON_LITERAL_NULL_CONVERSION = YES;
				CLANG_WARN_OBJC_IMPLICIT_RETAIN_SELF = YES;
				CLANG_WARN_OBJC_LITERAL_CONVERSION = YES;
				CLANG_WARN_OBJC_ROOT_CLASS = YES_ERROR;
				CLANG_WARN_RANGE_LOOP_ANALYSIS = YES;
				CLANG_WARN_STRICT_PROTOTYPES = YES;
				CLANG_WARN_SUSPICIOUS_MOVE = YES;
				CLANG_WARN_UNGUARDED_AVAILABILITY = YES_AGGRESSIVE;
				CLANG_WARN_UNREACHABLE_CODE = YES;
				CLANG_WARN__DUPLICATE_METHOD_MATCH = YES;
				CODE_SIGN_IDENTITY = "iPhone Developer";
				COPY_PHASE_STRIP = NO;
				DEBUG_INFORMATION_FORMAT = "dwarf-with-dsym";
				ENABLE_NS_ASSERTIONS = NO;
				ENABLE_STRICT_OBJC_MSGSEND = YES;
				GCC_C_LANGUAGE_STANDARD = gnu11;
				GCC_NO_COMMON_BLOCKS = YES;
				GCC_WARN_64_TO_32_BIT_CONVERSION = YES;
				GCC_WARN_ABOUT_RETURN_TYPE = YES_ERROR;
				GCC_WARN_UNDECLARED_SELECTOR = YES;
				GCC_WARN_UNINITIALIZED_AUTOS = YES_AGGRESSIVE;
				GCC_WARN_UNUSED_FUNCTION = YES;
				GCC_WARN_UNUSED_VARIABLE = YES;
				IPHONEOS_DEPLOYMENT_TARGET = 12.1;
				MTL_ENABLE_DEBUG_INFO = NO;
				MTL_FAST_MATH = YES;
				SDKROOT = iphoneos;
				SWIFT_COMPILATION_MODE = wholemodule;
				SWIFT_OPTIMIZATION_LEVEL = "-O";
				VALIDATE_PRODUCT = YES;
			};
			name = Release;
		};
		8C2CC0022230E13900E264BB /* Debug */ = {
			isa = XCBuildConfiguration;
			buildSettings = {
				ASSETCATALOG_COMPILER_APPICON_NAME = AppIcon;
				CODE_SIGN_STYLE = Automatic;
				DEVELOPMENT_TEAM = K58JH44H3K;
				INFOPLIST_FILE = CoordinatorPattern/Info.plist;
				IPHONEOS_DEPLOYMENT_TARGET = 12.1;
				LD_RUNPATH_SEARCH_PATHS = (
					"$(inherited)",
					"@executable_path/Frameworks",
				);
				PRODUCT_BUNDLE_IDENTIFIER = com.ricardo.CoordinatorPattern;
				PRODUCT_NAME = "$(TARGET_NAME)";
				SWIFT_VERSION = 4.2;
				TARGETED_DEVICE_FAMILY = "1,2";
			};
			name = Debug;
		};
		8C2CC0032230E13900E264BB /* Release */ = {
			isa = XCBuildConfiguration;
			buildSettings = {
				ASSETCATALOG_COMPILER_APPICON_NAME = AppIcon;
				CODE_SIGN_STYLE = Automatic;
				DEVELOPMENT_TEAM = K58JH44H3K;
				INFOPLIST_FILE = CoordinatorPattern/Info.plist;
				IPHONEOS_DEPLOYMENT_TARGET = 12.1;
				LD_RUNPATH_SEARCH_PATHS = (
					"$(inherited)",
					"@executable_path/Frameworks",
				);
				PRODUCT_BUNDLE_IDENTIFIER = com.ricardo.CoordinatorPattern;
				PRODUCT_NAME = "$(TARGET_NAME)";
				SWIFT_VERSION = 4.2;
				TARGETED_DEVICE_FAMILY = "1,2";
			};
			name = Release;
		};
/* End XCBuildConfiguration section */

/* Begin XCConfigurationList section */
		8C2CBFEA2230E13600E264BB /* Build configuration list for PBXProject "CoordinatorPattern" */ = {
			isa = XCConfigurationList;
			buildConfigurations = (
				8C2CBFFF2230E13900E264BB /* Debug */,
				8C2CC0002230E13900E264BB /* Release */,
			);
			defaultConfigurationIsVisible = 0;
			defaultConfigurationName = Release;
		};
		8C2CC0012230E13900E264BB /* Build configuration list for PBXNativeTarget "CoordinatorPattern" */ = {
			isa = XCConfigurationList;
			buildConfigurations = (
				8C2CC0022230E13900E264BB /* Debug */,
				8C2CC0032230E13900E264BB /* Release */,
			);
			defaultConfigurationIsVisible = 0;
			defaultConfigurationName = Release;
		};
/* End XCConfigurationList section */
	};
	rootObject = 8C2CBFE72230E13600E264BB /* Project object */;
}
